
Microsoft Visual Studio Solution File, Format Version 12.00
# Visual Studio Version 16
VisualStudioVersion = 16.0.31019.35
MinimumVisualStudioVersion = 10.0.40219.1
Project("{FAE04EC0-301F-11D3-BF4B-00C04F79EFBC}") = "ChangeControlFromChildForm", "ChangeControlFromChildForm\ChangeControlFromChildForm.csproj", "{DDCB962C-BC3B-4640-B4FB-9287EA48E894}"
EndProject
Global
	GlobalSection(SolutionConfigurationPlatforms) = preSolution
		Debug|Any CPU = Debug|Any CPU
		Release|Any CPU = Release|Any CPU
	EndGlobalSection
	GlobalSection(ProjectConfigurationPlatforms) = postSolution
		{DDCB962C-BC3B-4640-B4FB-9287EA48E894}.Debug|Any CPU.ActiveCfg = Debug|Any CPU
		{DDCB962C-BC3B-4640-B4FB-9287EA48E894}.Debug|Any CPU.Build.0 = Debug|Any CPU
		{DDCB962C-BC3B-4640-B4FB-9287EA48E894}.Release|Any CPU.ActiveCfg = Release|Any CPU
		{DDCB962C-BC3B-4640-B4FB-9287EA48E894}.Release|Any CPU.Build.0 = Release|Any CPU
	EndGlobalSection
	GlobalSection(SolutionProperties) = preSolution
		HideSolutionNode = FALSE
	EndGlobalSection
	GlobalSection(ExtensibilityGlobals) = postSolution
		SolutionGuid = {751F6A66-1B11-4D6D-93C1-B82FEEA6C9D3}
	EndGlobalSection
EndGlobal
