
Microsoft Visual Studio Solution File, Format Version 12.00
# Visual Studio Version 16
VisualStudioVersion = 16.0.31019.35
MinimumVisualStudioVersion = 10.0.40219.1
Project("{FAE04EC0-301F-11D3-BF4B-00C04F79EFBC}") = "LocalisationViaDictionary", "LocalisationViaDictionary\LocalisationViaDictionary.csproj", "{8F64C415-4CBA-4EA0-A9D6-57EA89E04258}"
EndProject
Global
	GlobalSection(SolutionConfigurationPlatforms) = preSolution
		Debug|Any CPU = Debug|Any CPU
		Release|Any CPU = Release|Any CPU
	EndGlobalSection
	GlobalSection(ProjectConfigurationPlatforms) = postSolution
		{8F64C415-4CBA-4EA0-A9D6-57EA89E04258}.Debug|Any CPU.ActiveCfg = Debug|Any CPU
		{8F64C415-4CBA-4EA0-A9D6-57EA89E04258}.Debug|Any CPU.Build.0 = Debug|Any CPU
		{8F64C415-4CBA-4EA0-A9D6-57EA89E04258}.Release|Any CPU.ActiveCfg = Release|Any CPU
		{8F64C415-4CBA-4EA0-A9D6-57EA89E04258}.Release|Any CPU.Build.0 = Release|Any CPU
	EndGlobalSection
	GlobalSection(SolutionProperties) = preSolution
		HideSolutionNode = FALSE
	EndGlobalSection
	GlobalSection(ExtensibilityGlobals) = postSolution
		SolutionGuid = {C516D1CF-B5F4-4045-BA3F-C50D8757B5E2}
	EndGlobalSection
EndGlobal
