
Microsoft Visual Studio Solution File, Format Version 12.00
# Visual Studio Version 16
VisualStudioVersion = 16.0.31019.35
MinimumVisualStudioVersion = 10.0.40219.1
Project("{FAE04EC0-301F-11D3-BF4B-00C04F79EFBC}") = "ShowFileInFolder", "ShowFileInFolder\ShowFileInFolder.csproj", "{59A5ECE5-1F02-479B-837D-73D1B2982AD0}"
EndProject
Global
	GlobalSection(SolutionConfigurationPlatforms) = preSolution
		Debug|Any CPU = Debug|Any CPU
		Release|Any CPU = Release|Any CPU
	EndGlobalSection
	GlobalSection(ProjectConfigurationPlatforms) = postSolution
		{59A5ECE5-1F02-479B-837D-73D1B2982AD0}.Debug|Any CPU.ActiveCfg = Debug|Any CPU
		{59A5ECE5-1F02-479B-837D-73D1B2982AD0}.Debug|Any CPU.Build.0 = Debug|Any CPU
		{59A5ECE5-1F02-479B-837D-73D1B2982AD0}.Release|Any CPU.ActiveCfg = Release|Any CPU
		{59A5ECE5-1F02-479B-837D-73D1B2982AD0}.Release|Any CPU.Build.0 = Release|Any CPU
	EndGlobalSection
	GlobalSection(SolutionProperties) = preSolution
		HideSolutionNode = FALSE
	EndGlobalSection
	GlobalSection(ExtensibilityGlobals) = postSolution
		SolutionGuid = {11788B65-CED8-4ED2-A235-6777D43CE0AF}
	EndGlobalSection
EndGlobal
