
Microsoft Visual Studio Solution File, Format Version 12.00
# Visual Studio Version 16
VisualStudioVersion = 16.0.31019.35
MinimumVisualStudioVersion = 10.0.40219.1
Project("{FAE04EC0-301F-11D3-BF4B-00C04F79EFBC}") = "DLLwEXE", "DLLwEXE\DLLwEXE.csproj", "{173FAAB4-3841-4083-93EE-468CEDDF90BD}"
EndProject
Global
	GlobalSection(SolutionConfigurationPlatforms) = preSolution
		Debug|Any CPU = Debug|Any CPU
		Release|Any CPU = Release|Any CPU
	EndGlobalSection
	GlobalSection(ProjectConfigurationPlatforms) = postSolution
		{173FAAB4-3841-4083-93EE-468CEDDF90BD}.Debug|Any CPU.ActiveCfg = Debug|Any CPU
		{173FAAB4-3841-4083-93EE-468CEDDF90BD}.Debug|Any CPU.Build.0 = Debug|Any CPU
		{173FAAB4-3841-4083-93EE-468CEDDF90BD}.Release|Any CPU.ActiveCfg = Release|Any CPU
		{173FAAB4-3841-4083-93EE-468CEDDF90BD}.Release|Any CPU.Build.0 = Release|Any CPU
	EndGlobalSection
	GlobalSection(SolutionProperties) = preSolution
		HideSolutionNode = FALSE
	EndGlobalSection
	GlobalSection(ExtensibilityGlobals) = postSolution
		SolutionGuid = {40F7111D-6A99-4A03-B899-455F8C901D9E}
	EndGlobalSection
EndGlobal
